[tools.node]
version = "24.5.0"
backend = "core:node"

[tools.node.platforms.linux-x64]
checksum = "sha256:369f2a3668dde7e324697040fafdcf442fd198b8c102317145417b3c83a9794a"
size = 58761227
url = "https://nodejs.org/dist/v24.5.0/node-v24.5.0-linux-x64.tar.gz"

[tools.pre-commit]
version = "4.2.0"
backend = "aqua:pre-commit/pre-commit"

[tools.python]
version = "3.13.6"
backend = "core:python"

[tools.uv]
version = "0.8.8"
backend = "aqua:astral-sh/uv"

[tools.uv.platforms.linux-x64]
checksum = "sha256:80ee2bde42e1cc39c59ae8a3a20f5b73127b90ece009ef7bdd13ab189ff0c353"
size = 19375921
url = "https://github.com/astral-sh/uv/releases/download/0.8.8/uv-x86_64-unknown-linux-musl.tar.gz"
