[tools.node]
version = "24.4.1"
backend = "core:node"

[tools.node.checksums]
"node-v24.4.1-linux-x64.tar.gz" = "sha256:063f2eb299ba60e3fc9b424d8e87d0e2f6be84b39bdeadc421ee2865914c498b"

[tools.pre-commit]
version = "4.2.0"
backend = "aqua:pre-commit/pre-commit"

[tools.python]
version = "3.13.5"
backend = "core:python"

[tools.uv]
version = "0.7.18"
backend = "aqua:astral-sh/uv"
